// !$*UTF8*$!
{
	archiveVersion = 1;
	classes = {
	};
	objectVersion = 55;
	objects = {

/* Begin PBXBuildFile section */
		A52CA63227E481B000FC32E6 /* AppDelegate.swift in Sources */ = {isa = PBXBuildFile; fileRef = A52CA63127E481B000FC32E6 /* AppDelegate.swift */; };
		A52CA63427E481B000FC32E6 /* SceneDelegate.swift in Sources */ = {isa = PBXBuildFile; fileRef = A52CA63327E481B000FC32E6 /* SceneDelegate.swift */; };
		A52CA63627E481B000FC32E6 /* ColorSettingsViewController.swift in Sources */ = {isa = PBXBuildFile; fileRef = A52CA63527E481B000FC32E6 /* ColorSettingsViewController.swift */; };
		A52CA63927E481B000FC32E6 /* Main.storyboard in Resources */ = {isa = PBXBuildFile; fileRef = A52CA63727E481B000FC32E6 /* Main.storyboard */; };
		A52CA63B27E481B100FC32E6 /* Assets.xcassets in Resources */ = {isa = PBXBuildFile; fileRef = A52CA63A27E481B100FC32E6 /* Assets.xcassets */; };
		A52CA63E27E481B100FC32E6 /* LaunchScreen.storyboard in Resources */ = {isa = PBXBuildFile; fileRef = A52CA63C27E481B100FC32E6 /* LaunchScreen.storyboard */; };
		A5A668BE27F0EF1500B52991 /* ColorViewController.swift in Sources */ = {isa = PBXBuildFile; fileRef = A5A668BD27F0EF1500B52991 /* ColorViewController.swift */; };
		A5A668C027F1846200B52991 /* UIColor.swift in Sources */ = {isa = PBXBuildFile; fileRef = A5A668BF27F1846200B52991 /* UIColor.swift */; };
/* End PBXBuildFile section */

/* Begin PBXFileReference section */
		A52CA62E27E481B000FC32E6 /* CustomColor.app */ = {isa = PBXFileReference; explicitFileType = wrapper.application; includeInIndex = 0; path = CustomColor.app; sourceTree = BUILT_PRODUCTS_DIR; };
		A52CA63127E481B000FC32E6 /* AppDelegate.swift */ = {isa = PBXFileReference; lastKnownFileType = sourcecode.swift; path = AppDelegate.swift; sourceTree = "<group>"; };
		A52CA63327E481B000FC32E6 /* SceneDelegate.swift */ = {isa = PBXFileReference; lastKnownFileType = sourcecode.swift; path = SceneDelegate.swift; sourceTree = "<group>"; };
		A52CA63527E481B000FC32E6 /* ColorSettingsViewController.swift */ = {isa = PBXFileReference; lastKnownFileType = sourcecode.swift; path = ColorSettingsViewController.swift; sourceTree = "<group>"; };
		A52CA63827E481B000FC32E6 /* Base */ = {isa = PBXFileReference; lastKnownFileType = file.storyboard; name = Base; path = Base.lproj/Main.storyboard; sourceTree = "<group>"; };
		A52CA63A27E481B100FC32E6 /* Assets.xcassets */ = {isa = PBXFileReference; lastKnownFileType = folder.assetcatalog; path = Assets.xcassets; sourceTree = "<group>"; };
		A52CA63D27E481B100FC32E6 /* Base */ = {isa = PBXFileReference; lastKnownFileType = file.storyboard; name = Base; path = Base.lproj/LaunchScreen.storyboard; sourceTree = "<group>"; };
		A52CA63F27E481B100FC32E6 /* Info.plist */ = {isa = PBXFileReference; lastKnownFileType = text.plist.xml; path = Info.plist; sourceTree = "<group>"; };
		A5A668BD27F0EF1500B52991 /* ColorViewController.swift */ = {isa = PBXFileReference; lastKnownFileType = sourcecode.swift; path = ColorViewController.swift; sourceTree = "<group>"; };
		A5A668BF27F1846200B52991 /* UIColor.swift */ = {isa = PBXFileReference; lastKnownFileType = sourcecode.swift; path = UIColor.swift; sourceTree = "<group>"; };
/* End PBXFileReference section */

/* Begin PBXFrameworksBuildPhase section */
		A52CA62B27E481B000FC32E6 /* Frameworks */ = {
			isa = PBXFrameworksBuildPhase;
			buildActionMask = 2147483647;
			files = (
			);
			runOnlyForDeploymentPostprocessing = 0;
		};
/* End PBXFrameworksBuildPhase section */

/* Begin PBXGroup section */
		A52CA62527E481B000FC32E6 = {
			isa = PBXGroup;
			children = (
				A52CA63027E481B000FC32E6 /* CustomColor */,
				A52CA62F27E481B000FC32E6 /* Products */,
			);
			sourceTree = "<group>";
		};
		A52CA62F27E481B000FC32E6 /* Products */ = {
			isa = PBXGroup;
			children = (
				A52CA62E27E481B000FC32E6 /* CustomColor.app */,
			);
			name = Products;
			sourceTree = "<group>";
		};
		A52CA63027E481B000FC32E6 /* CustomColor */ = {
			isa = PBXGroup;
			children = (
				A5A668BC27F0E9CE00B52991 /* ViewControllers */,
				A5A668C127F1846700B52991 /* Extensions */,
				A5A668C227F1C23D00B52991 /* Storyboards */,
				A5A668C327F1C25000B52991 /* App */,
				A5A668C427F1C32700B52991 /* Resorses */,
			);
			path = CustomColor;
			sourceTree = "<group>";
		};
		A5A668BC27F0E9CE00B52991 /* ViewControllers */ = {
			isa = PBXGroup;
			children = (
				A5A668BD27F0EF1500B52991 /* ColorViewController.swift */,
				A52CA63527E481B000FC32E6 /* ColorSettingsViewController.swift */,
			);
			path = ViewControllers;
			sourceTree = "<group>";
		};
		A5A668C127F1846700B52991 /* Extensions */ = {
			isa = PBXGroup;
			children = (
				A5A668BF27F1846200B52991 /* UIColor.swift */,
			);
			path = Extensions;
			sourceTree = "<group>";
		};
		A5A668C227F1C23D00B52991 /* Storyboards */ = {
			isa = PBXGroup;
			children = (
				A52CA63727E481B000FC32E6 /* Main.storyboard */,
				A52CA63C27E481B100FC32E6 /* LaunchScreen.storyboard */,
			);
			path = Storyboards;
			sourceTree = "<group>";
		};
		A5A668C327F1C25000B52991 /* App */ = {
			isa = PBXGroup;
			children = (
				A52CA63327E481B000FC32E6 /* SceneDelegate.swift */,
				A52CA63127E481B000FC32E6 /* AppDelegate.swift */,
				A52CA63F27E481B100FC32E6 /* Info.plist */,
			);
			path = App;
			sourceTree = "<group>";
		};
		A5A668C427F1C32700B52991 /* Resorses */ = {
			isa = PBXGroup;
			children = (
				A52CA63A27E481B100FC32E6 /* Assets.xcassets */,
			);
			path = Resorses;
			sourceTree = "<group>";
		};
/* End PBXGroup section */

/* Begin PBXNativeTarget section */
		A52CA62D27E481B000FC32E6 /* CustomColor */ = {
			isa = PBXNativeTarget;
			buildConfigurationList = A52CA64227E481B100FC32E6 /* Build configuration list for PBXNativeTarget "CustomColor" */;
			buildPhases = (
				A52CA62A27E481B000FC32E6 /* Sources */,
				A52CA62B27E481B000FC32E6 /* Frameworks */,
				A52CA62C27E481B000FC32E6 /* Resources */,
			);
			buildRules = (
			);
			dependencies = (
			);
			name = CustomColor;
			productName = CustomColor;
			productReference = A52CA62E27E481B000FC32E6 /* CustomColor.app */;
			productType = "com.apple.product-type.application";
		};
/* End PBXNativeTarget section */

/* Begin PBXProject section */
		A52CA62627E481B000FC32E6 /* Project object */ = {
			isa = PBXProject;
			attributes = {
				BuildIndependentTargetsInParallel = 1;
				LastSwiftUpdateCheck = 1320;
				LastUpgradeCheck = 1320;
				TargetAttributes = {
					A52CA62D27E481B000FC32E6 = {
						CreatedOnToolsVersion = 13.2.1;
					};
				};
			};
			buildConfigurationList = A52CA62927E481B000FC32E6 /* Build configuration list for PBXProject "CustomColor" */;
			compatibilityVersion = "Xcode 13.0";
			developmentRegion = en;
			hasScannedForEncodings = 0;
			knownRegions = (
				en,
				Base,
			);
			mainGroup = A52CA62527E481B000FC32E6;
			productRefGroup = A52CA62F27E481B000FC32E6 /* Products */;
			projectDirPath = "";
			projectRoot = "";
			targets = (
				A52CA62D27E481B000FC32E6 /* CustomColor */,
			);
		};
/* End PBXProject section */

/* Begin PBXResourcesBuildPhase section */
		A52CA62C27E481B000FC32E6 /* Resources */ = {
			isa = PBXResourcesBuildPhase;
			buildActionMask = 2147483647;
			files = (
				A52CA63E27E481B100FC32E6 /* LaunchScreen.storyboard in Resources */,
				A52CA63B27E481B100FC32E6 /* Assets.xcassets in Resources */,
				A52CA63927E481B000FC32E6 /* Main.storyboard in Resources */,
			);
			runOnlyForDeploymentPostprocessing = 0;
		};
/* End PBXResourcesBuildPhase section */

/* Begin PBXSourcesBuildPhase section */
		A52CA62A27E481B000FC32E6 /* Sources */ = {
			isa = PBXSourcesBuildPhase;
			buildActionMask = 2147483647;
			files = (
				A52CA63627E481B000FC32E6 /* ColorSettingsViewController.swift in Sources */,
				A52CA63227E481B000FC32E6 /* AppDelegate.swift in Sources */,
				A5A668BE27F0EF1500B52991 /* ColorViewController.swift in Sources */,
				A52CA63427E481B000FC32E6 /* SceneDelegate.swift in Sources */,
				A5A668C027F1846200B52991 /* UIColor.swift in Sources */,
			);
			runOnlyForDeploymentPostprocessing = 0;
		};
/* End PBXSourcesBuildPhase section */

/* Begin PBXVariantGroup section */
		A52CA63727E481B000FC32E6 /* Main.storyboard */ = {
			isa = PBXVariantGroup;
			children = (
				A52CA63827E481B000FC32E6 /* Base */,
			);
			name = Main.storyboard;
			sourceTree = "<group>";
		};
		A52CA63C27E481B100FC32E6 /* LaunchScreen.storyboard */ = {
			isa = PBXVariantGroup;
			children = (
				A52CA63D27E481B100FC32E6 /* Base */,
			);
			name = LaunchScreen.storyboard;
			sourceTree = "<group>";
		};
/* End PBXVariantGroup section */

/* Begin XCBuildConfiguration section */
		A52CA64027E481B100FC32E6 /* Debug */ = {
			isa = XCBuildConfiguration;
			buildSettings = {
				ALWAYS_SEARCH_USER_PATHS = NO;
				CLANG_ANALYZER_NONNULL = YES;
				CLANG_ANALYZER_NUMBER_OBJECT_CONVERSION = YES_AGGRESSIVE;
				CLANG_CXX_LANGUAGE_STANDARD = "gnu++17";
				CLANG_CXX_LIBRARY = "libc++";
				CLANG_ENABLE_MODULES = YES;
				CLANG_ENABLE_OBJC_ARC = YES;
				CLANG_ENABLE_OBJC_WEAK = YES;
				CLANG_WARN_BLOCK_CAPTURE_AUTORELEASING = YES;
				CLANG_WARN_BOOL_CONVERSION = YES;
				CLANG_WARN_COMMA = YES;
				CLANG_WARN_CONSTANT_CONVERSION = YES;
				CLANG_WARN_DEPRECATED_OBJC_IMPLEMENTATIONS = YES;
				CLANG_WARN_DIRECT_OBJC_ISA_USAGE = YES_ERROR;
				CLANG_WARN_DOCUMENTATION_COMMENTS = YES;
				CLANG_WARN_EMPTY_BODY = YES;
				CLANG_WARN_ENUM_CONVERSION = YES;
				CLANG_WARN_INFINITE_RECURSION = YES;
				CLANG_WARN_INT_CONVERSION = YES;
				CLANG_WARN_NON_LITERAL_NULL_CONVERSION = YES;
				CLANG_WARN_OBJC_IMPLICIT_RETAIN_SELF = YES;
				CLANG_WARN_OBJC_LITERAL_CONVERSION = YES;
				CLANG_WARN_OBJC_ROOT_CLASS = YES_ERROR;
				CLANG_WARN_QUOTED_INCLUDE_IN_FRAMEWORK_HEADER = YES;
				CLANG_WARN_RANGE_LOOP_ANALYSIS = YES;
				CLANG_WARN_STRICT_PROTOTYPES = YES;
				CLANG_WARN_SUSPICIOUS_MOVE = YES;
				CLANG_WARN_UNGUARDED_AVAILABILITY = YES_AGGRESSIVE;
				CLANG_WARN_UNREACHABLE_CODE = YES;
				CLANG_WARN__DUPLICATE_METHOD_MATCH = YES;
				COPY_PHASE_STRIP = NO;
				DEBUG_INFORMATION_FORMAT = dwarf;
				ENABLE_STRICT_OBJC_MSGSEND = YES;
				ENABLE_TESTABILITY = YES;
				GCC_C_LANGUAGE_STANDARD = gnu11;
				GCC_DYNAMIC_NO_PIC = NO;
				GCC_NO_COMMON_BLOCKS = YES;
				GCC_OPTIMIZATION_LEVEL = 0;
				GCC_PREPROCESSOR_DEFINITIONS = (
					"DEBUG=1",
					"$(inherited)",
				);
				GCC_WARN_64_TO_32_BIT_CONVERSION = YES;
				GCC_WARN_ABOUT_RETURN_TYPE = YES_ERROR;
				GCC_WARN_UNDECLARED_SELECTOR = YES;
				GCC_WARN_UNINITIALIZED_AUTOS = YES_AGGRESSIVE;
				GCC_WARN_UNUSED_FUNCTION = YES;
				GCC_WARN_UNUSED_VARIABLE = YES;
				IPHONEOS_DEPLOYMENT_TARGET = 15.2;
				MTL_ENABLE_DEBUG_INFO = INCLUDE_SOURCE;
				MTL_FAST_MATH = YES;
				ONLY_ACTIVE_ARCH = YES;
				SDKROOT = iphoneos;
				SWIFT_ACTIVE_COMPILATION_CONDITIONS = DEBUG;
				SWIFT_OPTIMIZATION_LEVEL = "-Onone";
			};
			name = Debug;
		};
		A52CA64127E481B100FC32E6 /* Release */ = {
			isa = XCBuildConfiguration;
			buildSettings = {
				ALWAYS_SEARCH_USER_PATHS = NO;
				CLANG_ANALYZER_NONNULL = YES;
				CLANG_ANALYZER_NUMBER_OBJECT_CONVERSION = YES_AGGRESSIVE;
				CLANG_CXX_LANGUAGE_STANDARD = "gnu++17";
				CLANG_CXX_LIBRARY = "libc++";
				CLANG_ENABLE_MODULES = YES;
				CLANG_ENABLE_OBJC_ARC = YES;
				CLANG_ENABLE_OBJC_WEAK = YES;
				CLANG_WARN_BLOCK_CAPTURE_AUTORELEASING = YES;
				CLANG_WARN_BOOL_CONVERSION = YES;
				CLANG_WARN_COMMA = YES;
				CLANG_WARN_CONSTANT_CONVERSION = YES;
				CLANG_WARN_DEPRECATED_OBJC_IMPLEMENTATIONS = YES;
				CLANG_WARN_DIRECT_OBJC_ISA_USAGE = YES_ERROR;
				CLANG_WARN_DOCUMENTATION_COMMENTS = YES;
				CLANG_WARN_EMPTY_BODY = YES;
				CLANG_WARN_ENUM_CONVERSION = YES;
				CLANG_WARN_INFINITE_RECURSION = YES;
				CLANG_WARN_INT_CONVERSION = YES;
				CLANG_WARN_NON_LITERAL_NULL_CONVERSION = YES;
				CLANG_WARN_OBJC_IMPLICIT_RETAIN_SELF = YES;
				CLANG_WARN_OBJC_LITERAL_CONVERSION = YES;
				CLANG_WARN_OBJC_ROOT_CLASS = YES_ERROR;
				CLANG_WARN_QUOTED_INCLUDE_IN_FRAMEWORK_HEADER = YES;
				CLANG_WARN_RANGE_LOOP_ANALYSIS = YES;
				CLANG_WARN_STRICT_PROTOTYPES = YES;
				CLANG_WARN_SUSPICIOUS_MOVE = YES;
				CLANG_WARN_UNGUARDED_AVAILABILITY = YES_AGGRESSIVE;
				CLANG_WARN_UNREACHABLE_CODE = YES;
				CLANG_WARN__DUPLICATE_METHOD_MATCH = YES;
				COPY_PHASE_STRIP = NO;
				DEBUG_INFORMATION_FORMAT = "dwarf-with-dsym";
				ENABLE_NS_ASSERTIONS = NO;
				ENABLE_STRICT_OBJC_MSGSEND = YES;
				GCC_C_LANGUAGE_STANDARD = gnu11;
				GCC_NO_COMMON_BLOCKS = YES;
				GCC_WARN_64_TO_32_BIT_CONVERSION = YES;
				GCC_WARN_ABOUT_RETURN_TYPE = YES_ERROR;
				GCC_WARN_UNDECLARED_SELECTOR = YES;
				GCC_WARN_UNINITIALIZED_AUTOS = YES_AGGRESSIVE;
				GCC_WARN_UNUSED_FUNCTION = YES;
				GCC_WARN_UNUSED_VARIABLE = YES;
				IPHONEOS_DEPLOYMENT_TARGET = 15.2;
				MTL_ENABLE_DEBUG_INFO = NO;
				MTL_FAST_MATH = YES;
				SDKROOT = iphoneos;
				SWIFT_COMPILATION_MODE = wholemodule;
				SWIFT_OPTIMIZATION_LEVEL = "-O";
				VALIDATE_PRODUCT = YES;
			};
			name = Release;
		};
		A52CA64327E481B100FC32E6 /* Debug */ = {
			isa = XCBuildConfiguration;
			buildSettings = {
				ASSETCATALOG_COMPILER_APPICON_NAME = AppIcon;
				ASSETCATALOG_COMPILER_GLOBAL_ACCENT_COLOR_NAME = AccentColor;
				CODE_SIGN_STYLE = Automatic;
				CURRENT_PROJECT_VERSION = 1;
				GENERATE_INFOPLIST_FILE = YES;
				INFOPLIST_FILE = CustomColor/App/Info.plist;
				INFOPLIST_KEY_UIApplicationSupportsIndirectInputEvents = YES;
				INFOPLIST_KEY_UILaunchStoryboardName = LaunchScreen;
				INFOPLIST_KEY_UIMainStoryboardFile = Main;
				INFOPLIST_KEY_UISupportedInterfaceOrientations = UIInterfaceOrientationPortrait;
				INFOPLIST_KEY_UISupportedInterfaceOrientations_iPad = "UIInterfaceOrientationPortrait UIInterfaceOrientationPortraitUpsideDown UIInterfaceOrientationLandscapeLeft UIInterfaceOrientationLandscapeRight";
				INFOPLIST_KEY_UISupportedInterfaceOrientations_iPhone = "UIInterfaceOrientationPortrait UIInterfaceOrientationLandscapeLeft UIInterfaceOrientationLandscapeRight";
				LD_RUNPATH_SEARCH_PATHS = (
					"$(inherited)",
					"@executable_path/Frameworks",
				);
				MARKETING_VERSION = 1.0;
				PRODUCT_BUNDLE_IDENTIFIER = Com.VoloshenkoEV.CustomColor;
				PRODUCT_NAME = "$(TARGET_NAME)";
				SWIFT_EMIT_LOC_STRINGS = YES;
				SWIFT_VERSION = 5.0;
				TARGETED_DEVICE_FAMILY = 1;
			};
			name = Debug;
		};
		A52CA64427E481B100FC32E6 /* Release */ = {
			isa = XCBuildConfiguration;
			buildSettings = {
				ASSETCATALOG_COMPILER_APPICON_NAME = AppIcon;
				ASSETCATALOG_COMPILER_GLOBAL_ACCENT_COLOR_NAME = AccentColor;
				CODE_SIGN_STYLE = Automatic;
				CURRENT_PROJECT_VERSION = 1;
				GENERATE_INFOPLIST_FILE = YES;
				INFOPLIST_FILE = CustomColor/App/Info.plist;
				INFOPLIST_KEY_UIApplicationSupportsIndirectInputEvents = YES;
				INFOPLIST_KEY_UILaunchStoryboardName = LaunchScreen;
				INFOPLIST_KEY_UIMainStoryboardFile = Main;
				INFOPLIST_KEY_UISupportedInterfaceOrientations = UIInterfaceOrientationPortrait;
				INFOPLIST_KEY_UISupportedInterfaceOrientations_iPad = "UIInterfaceOrientationPortrait UIInterfaceOrientationPortraitUpsideDown UIInterfaceOrientationLandscapeLeft UIInterfaceOrientationLandscapeRight";
				INFOPLIST_KEY_UISupportedInterfaceOrientations_iPhone = "UIInterfaceOrientationPortrait UIInterfaceOrientationLandscapeLeft UIInterfaceOrientationLandscapeRight";
				LD_RUNPATH_SEARCH_PATHS = (
					"$(inherited)",
					"@executable_path/Frameworks",
				);
				MARKETING_VERSION = 1.0;
				PRODUCT_BUNDLE_IDENTIFIER = Com.VoloshenkoEV.CustomColor;
				PRODUCT_NAME = "$(TARGET_NAME)";
				SWIFT_EMIT_LOC_STRINGS = YES;
				SWIFT_VERSION = 5.0;
				TARGETED_DEVICE_FAMILY = 1;
			};
			name = Release;
		};
/* End XCBuildConfiguration section */

/* Begin XCConfigurationList section */
		A52CA62927E481B000FC32E6 /* Build configuration list for PBXProject "CustomColor" */ = {
			isa = XCConfigurationList;
			buildConfigurations = (
				A52CA64027E481B100FC32E6 /* Debug */,
				A52CA64127E481B100FC32E6 /* Release */,
			);
			defaultConfigurationIsVisible = 0;
			defaultConfigurationName = Release;
		};
		A52CA64227E481B100FC32E6 /* Build configuration list for PBXNativeTarget "CustomColor" */ = {
			isa = XCConfigurationList;
			buildConfigurations = (
				A52CA64327E481B100FC32E6 /* Debug */,
				A52CA64427E481B100FC32E6 /* Release */,
			);
			defaultConfigurationIsVisible = 0;
			defaultConfigurationName = Release;
		};
/* End XCConfigurationList section */
	};
	rootObject = A52CA62627E481B000FC32E6 /* Project object */;
}
